// !$*UTF8*$!
{
	archiveVersion = 1;
	classes = {
	};
	objectVersion = 55;
	objects = {

/* Begin PBXBuildFile section */
		B27EE8D827216C4900D878A2 /* AppDelegate.swift in Sources */ = {isa = PBXBuildFile; fileRef = B27EE8D727216C4900D878A2 /* AppDelegate.swift */; };
		B27EE8DA27216C4900D878A2 /* SceneDelegate.swift in Sources */ = {isa = PBXBuildFile; fileRef = B27EE8D927216C4900D878A2 /* SceneDelegate.swift */; };
		B27EE8DF27216C4900D878A2 /* Main.storyboard in Resources */ = {isa = PBXBuildFile; fileRef = B27EE8DD27216C4900D878A2 /* Main.storyboard */; };
		B27EE8E127216C4C00D878A2 /* Assets.xcassets in Resources */ = {isa = PBXBuildFile; fileRef = B27EE8E027216C4C00D878A2 /* Assets.xcassets */; };
		B27EE8E427216C4C00D878A2 /* LaunchScreen.storyboard in Resources */ = {isa = PBXBuildFile; fileRef = B27EE8E227216C4C00D878A2 /* LaunchScreen.storyboard */; };
		B27EE8F527216F3300D878A2 /* PostsScenePresenter.swift in Sources */ = {isa = PBXBuildFile; fileRef = B27EE8EF27216F3300D878A2 /* PostsScenePresenter.swift */; };
		B27EE8F627216F3300D878A2 /* PostsSceneWorker.swift in Sources */ = {isa = PBXBuildFile; fileRef = B27EE8F027216F3300D878A2 /* PostsSceneWorker.swift */; };
		B27EE8F727216F3300D878A2 /* PostsSceneRouter.swift in Sources */ = {isa = PBXBuildFile; fileRef = B27EE8F127216F3300D878A2 /* PostsSceneRouter.swift */; };
		B27EE8F827216F3300D878A2 /* PostsSceneViewController.swift in Sources */ = {isa = PBXBuildFile; fileRef = B27EE8F227216F3300D878A2 /* PostsSceneViewController.swift */; };
		B27EE8F927216F3300D878A2 /* PostsSceneInteractor.swift in Sources */ = {isa = PBXBuildFile; fileRef = B27EE8F327216F3300D878A2 /* PostsSceneInteractor.swift */; };
		B27EE8FA27216F3300D878A2 /* PostsSceneModel.swift in Sources */ = {isa = PBXBuildFile; fileRef = B27EE8F427216F3300D878A2 /* PostsSceneModel.swift */; };
		B27EE90427216F6F00D878A2 /* PostsDetailsScenePresenter.swift in Sources */ = {isa = PBXBuildFile; fileRef = B27EE8FE27216F6F00D878A2 /* PostsDetailsScenePresenter.swift */; };
		B27EE90527216F6F00D878A2 /* PostsDetailsSceneWorker.swift in Sources */ = {isa = PBXBuildFile; fileRef = B27EE8FF27216F6F00D878A2 /* PostsDetailsSceneWorker.swift */; };
		B27EE90727216F6F00D878A2 /* PostsDetailsSceneViewController.swift in Sources */ = {isa = PBXBuildFile; fileRef = B27EE90127216F6F00D878A2 /* PostsDetailsSceneViewController.swift */; };
		B27EE90827216F6F00D878A2 /* PostDetailsSceneInteractor.swift in Sources */ = {isa = PBXBuildFile; fileRef = B27EE90227216F6F00D878A2 /* PostDetailsSceneInteractor.swift */; };
		B27EE90927216F6F00D878A2 /* PostDetailsSceneModel.swift in Sources */ = {isa = PBXBuildFile; fileRef = B27EE90327216F6F00D878A2 /* PostDetailsSceneModel.swift */; };
		B27EE90C272178D000D878A2 /* WebServiceConfig.swift in Sources */ = {isa = PBXBuildFile; fileRef = B27EE90B272178D000D878A2 /* WebServiceConfig.swift */; };
		B27EE90E272178E200D878A2 /* WebServiceConstants.swift in Sources */ = {isa = PBXBuildFile; fileRef = B27EE90D272178E200D878A2 /* WebServiceConstants.swift */; };
		B27EE911272178F500D878A2 /* WebServiceHelper.swift in Sources */ = {isa = PBXBuildFile; fileRef = B27EE910272178F500D878A2 /* WebServiceHelper.swift */; };
		B27EE9142721790E00D878A2 /* JSONResponseDecoder.swift in Sources */ = {isa = PBXBuildFile; fileRef = B27EE9132721790E00D878A2 /* JSONResponseDecoder.swift */; };
		B27EE91827217FDA00D878A2 /* PostDetailsView.storyboard in Resources */ = {isa = PBXBuildFile; fileRef = B27EE91727217FDA00D878A2 /* PostDetailsView.storyboard */; };
		B27EE91D272196CC00D878A2 /* TitleSubtitleTableViewCell.swift in Sources */ = {isa = PBXBuildFile; fileRef = B27EE91B272196CC00D878A2 /* TitleSubtitleTableViewCell.swift */; };
		B27EE91E272196CC00D878A2 /* TitleSubtitleTableViewCell.xib in Resources */ = {isa = PBXBuildFile; fileRef = B27EE91C272196CC00D878A2 /* TitleSubtitleTableViewCell.xib */; };
		B27EE9262721A23000D878A2 /* CreatePostScenePresenter.swift in Sources */ = {isa = PBXBuildFile; fileRef = B27EE9202721A23000D878A2 /* CreatePostScenePresenter.swift */; };
		B27EE9272721A23000D878A2 /* CreatePostSceneWorker.swift in Sources */ = {isa = PBXBuildFile; fileRef = B27EE9212721A23000D878A2 /* CreatePostSceneWorker.swift */; };
		B27EE9292721A23000D878A2 /* CreatePostSceneViewController.swift in Sources */ = {isa = PBXBuildFile; fileRef = B27EE9232721A23000D878A2 /* CreatePostSceneViewController.swift */; };
		B27EE92A2721A23000D878A2 /* CreatePostSceneInteractor.swift in Sources */ = {isa = PBXBuildFile; fileRef = B27EE9242721A23000D878A2 /* CreatePostSceneInteractor.swift */; };
		B27EE92F2721A27100D878A2 /* CreatePostView.storyboard in Resources */ = {isa = PBXBuildFile; fileRef = B27EE92E2721A27100D878A2 /* CreatePostView.storyboard */; };
		B27EE9312721A4C200D878A2 /* APIBuilder.swift in Sources */ = {isa = PBXBuildFile; fileRef = B27EE9302721A4C200D878A2 /* APIBuilder.swift */; };
		B2A8E1D22721BFD9002DBB7E /* InputTextFeildTableViewCell.swift in Sources */ = {isa = PBXBuildFile; fileRef = B2A8E1D02721BFD9002DBB7E /* InputTextFeildTableViewCell.swift */; };
		B2A8E1D32721BFD9002DBB7E /* InputTextFeildTableViewCell.xib in Resources */ = {isa = PBXBuildFile; fileRef = B2A8E1D12721BFD9002DBB7E /* InputTextFeildTableViewCell.xib */; };
		B2A8E1D62721C288002DBB7E /* Encodable+Extension.swift in Sources */ = {isa = PBXBuildFile; fileRef = B2A8E1D52721C288002DBB7E /* Encodable+Extension.swift */; };
		B2A8E1DE2721CAAD002DBB7E /* EditPostScenePresenter.swift in Sources */ = {isa = PBXBuildFile; fileRef = B2A8E1D82721CAAD002DBB7E /* EditPostScenePresenter.swift */; };
		B2A8E1DF2721CAAD002DBB7E /* EditPostSceneWorker.swift in Sources */ = {isa = PBXBuildFile; fileRef = B2A8E1D92721CAAD002DBB7E /* EditPostSceneWorker.swift */; };
		B2A8E1E12721CAAD002DBB7E /* EditPostSceneViewController.swift in Sources */ = {isa = PBXBuildFile; fileRef = B2A8E1DB2721CAAD002DBB7E /* EditPostSceneViewController.swift */; };
		B2A8E1E22721CAAD002DBB7E /* EditPostSceneInteractor.swift in Sources */ = {isa = PBXBuildFile; fileRef = B2A8E1DC2721CAAD002DBB7E /* EditPostSceneInteractor.swift */; };
		B2A8E1E52721CB69002DBB7E /* EditPostView.storyboard in Resources */ = {isa = PBXBuildFile; fileRef = B2A8E1E42721CB69002DBB7E /* EditPostView.storyboard */; };
/* End PBXBuildFile section */

/* Begin PBXFileReference section */
		B27EE8D427216C4900D878A2 /* PostsApp.app */ = {isa = PBXFileReference; explicitFileType = wrapper.application; includeInIndex = 0; path = PostsApp.app; sourceTree = BUILT_PRODUCTS_DIR; };
		B27EE8D727216C4900D878A2 /* AppDelegate.swift */ = {isa = PBXFileReference; lastKnownFileType = sourcecode.swift; path = AppDelegate.swift; sourceTree = "<group>"; };
		B27EE8D927216C4900D878A2 /* SceneDelegate.swift */ = {isa = PBXFileReference; lastKnownFileType = sourcecode.swift; path = SceneDelegate.swift; sourceTree = "<group>"; };
		B27EE8DE27216C4900D878A2 /* Base */ = {isa = PBXFileReference; lastKnownFileType = file.storyboard; name = Base; path = Base.lproj/Main.storyboard; sourceTree = "<group>"; };
		B27EE8E027216C4C00D878A2 /* Assets.xcassets */ = {isa = PBXFileReference; lastKnownFileType = folder.assetcatalog; path = Assets.xcassets; sourceTree = "<group>"; };
		B27EE8E327216C4C00D878A2 /* Base */ = {isa = PBXFileReference; lastKnownFileType = file.storyboard; name = Base; path = Base.lproj/LaunchScreen.storyboard; sourceTree = "<group>"; };
		B27EE8E527216C4C00D878A2 /* Info.plist */ = {isa = PBXFileReference; lastKnownFileType = text.plist.xml; path = Info.plist; sourceTree = "<group>"; };
		B27EE8EF27216F3300D878A2 /* PostsScenePresenter.swift */ = {isa = PBXFileReference; lastKnownFileType = sourcecode.swift; path = PostsScenePresenter.swift; sourceTree = "<group>"; };
		B27EE8F027216F3300D878A2 /* PostsSceneWorker.swift */ = {isa = PBXFileReference; lastKnownFileType = sourcecode.swift; path = PostsSceneWorker.swift; sourceTree = "<group>"; };
		B27EE8F127216F3300D878A2 /* PostsSceneRouter.swift */ = {isa = PBXFileReference; lastKnownFileType = sourcecode.swift; path = PostsSceneRouter.swift; sourceTree = "<group>"; };
		B27EE8F227216F3300D878A2 /* PostsSceneViewController.swift */ = {isa = PBXFileReference; lastKnownFileType = sourcecode.swift; path = PostsSceneViewController.swift; sourceTree = "<group>"; };
		B27EE8F327216F3300D878A2 /* PostsSceneInteractor.swift */ = {isa = PBXFileReference; lastKnownFileType = sourcecode.swift; path = PostsSceneInteractor.swift; sourceTree = "<group>"; };
		B27EE8F427216F3300D878A2 /* PostsSceneModel.swift */ = {isa = PBXFileReference; lastKnownFileType = sourcecode.swift; path = PostsSceneModel.swift; sourceTree = "<group>"; };
		B27EE8FE27216F6F00D878A2 /* PostsDetailsScenePresenter.swift */ = {isa = PBXFileReference; lastKnownFileType = sourcecode.swift; path = PostsDetailsScenePresenter.swift; sourceTree = "<group>"; };
		B27EE8FF27216F6F00D878A2 /* PostsDetailsSceneWorker.swift */ = {isa = PBXFileReference; lastKnownFileType = sourcecode.swift; path = PostsDetailsSceneWorker.swift; sourceTree = "<group>"; };
		B27EE90127216F6F00D878A2 /* PostsDetailsSceneViewController.swift */ = {isa = PBXFileReference; lastKnownFileType = sourcecode.swift; path = PostsDetailsSceneViewController.swift; sourceTree = "<group>"; };
		B27EE90227216F6F00D878A2 /* PostDetailsSceneInteractor.swift */ = {isa = PBXFileReference; lastKnownFileType = sourcecode.swift; path = PostDetailsSceneInteractor.swift; sourceTree = "<group>"; };
		B27EE90327216F6F00D878A2 /* PostDetailsSceneModel.swift */ = {isa = PBXFileReference; lastKnownFileType = sourcecode.swift; path = PostDetailsSceneModel.swift; sourceTree = "<group>"; };
		B27EE90B272178D000D878A2 /* WebServiceConfig.swift */ = {isa = PBXFileReference; lastKnownFileType = sourcecode.swift; path = WebServiceConfig.swift; sourceTree = "<group>"; };
		B27EE90D272178E200D878A2 /* WebServiceConstants.swift */ = {isa = PBXFileReference; lastKnownFileType = sourcecode.swift; path = WebServiceConstants.swift; sourceTree = "<group>"; };
		B27EE910272178F500D878A2 /* WebServiceHelper.swift */ = {isa = PBXFileReference; lastKnownFileType = sourcecode.swift; path = WebServiceHelper.swift; sourceTree = "<group>"; };
		B27EE9132721790E00D878A2 /* JSONResponseDecoder.swift */ = {isa = PBXFileReference; lastKnownFileType = sourcecode.swift; path = JSONResponseDecoder.swift; sourceTree = "<group>"; };
		B27EE91727217FDA00D878A2 /* PostDetailsView.storyboard */ = {isa = PBXFileReference; lastKnownFileType = file.storyboard; path = PostDetailsView.storyboard; sourceTree = "<group>"; };
		B27EE91B272196CC00D878A2 /* TitleSubtitleTableViewCell.swift */ = {isa = PBXFileReference; lastKnownFileType = sourcecode.swift; path = TitleSubtitleTableViewCell.swift; sourceTree = "<group>"; };
		B27EE91C272196CC00D878A2 /* TitleSubtitleTableViewCell.xib */ = {isa = PBXFileReference; lastKnownFileType = file.xib; path = TitleSubtitleTableViewCell.xib; sourceTree = "<group>"; };
		B27EE9202721A23000D878A2 /* CreatePostScenePresenter.swift */ = {isa = PBXFileReference; lastKnownFileType = sourcecode.swift; path = CreatePostScenePresenter.swift; sourceTree = "<group>"; };
		B27EE9212721A23000D878A2 /* CreatePostSceneWorker.swift */ = {isa = PBXFileReference; lastKnownFileType = sourcecode.swift; path = CreatePostSceneWorker.swift; sourceTree = "<group>"; };
		B27EE9232721A23000D878A2 /* CreatePostSceneViewController.swift */ = {isa = PBXFileReference; lastKnownFileType = sourcecode.swift; path = CreatePostSceneViewController.swift; sourceTree = "<group>"; };
		B27EE9242721A23000D878A2 /* CreatePostSceneInteractor.swift */ = {isa = PBXFileReference; lastKnownFileType = sourcecode.swift; path = CreatePostSceneInteractor.swift; sourceTree = "<group>"; };
		B27EE92E2721A27100D878A2 /* CreatePostView.storyboard */ = {isa = PBXFileReference; lastKnownFileType = file.storyboard; path = CreatePostView.storyboard; sourceTree = "<group>"; };
		B27EE9302721A4C200D878A2 /* APIBuilder.swift */ = {isa = PBXFileReference; lastKnownFileType = sourcecode.swift; path = APIBuilder.swift; sourceTree = "<group>"; };
		B2A8E1D02721BFD9002DBB7E /* InputTextFeildTableViewCell.swift */ = {isa = PBXFileReference; lastKnownFileType = sourcecode.swift; path = InputTextFeildTableViewCell.swift; sourceTree = "<group>"; };
		B2A8E1D12721BFD9002DBB7E /* InputTextFeildTableViewCell.xib */ = {isa = PBXFileReference; lastKnownFileType = file.xib; path = InputTextFeildTableViewCell.xib; sourceTree = "<group>"; };
		B2A8E1D52721C288002DBB7E /* Encodable+Extension.swift */ = {isa = PBXFileReference; lastKnownFileType = sourcecode.swift; path = "Encodable+Extension.swift"; sourceTree = "<group>"; };
		B2A8E1D82721CAAD002DBB7E /* EditPostScenePresenter.swift */ = {isa = PBXFileReference; lastKnownFileType = sourcecode.swift; path = EditPostScenePresenter.swift; sourceTree = "<group>"; };
		B2A8E1D92721CAAD002DBB7E /* EditPostSceneWorker.swift */ = {isa = PBXFileReference; lastKnownFileType = sourcecode.swift; path = EditPostSceneWorker.swift; sourceTree = "<group>"; };
		B2A8E1DB2721CAAD002DBB7E /* EditPostSceneViewController.swift */ = {isa = PBXFileReference; lastKnownFileType = sourcecode.swift; path = EditPostSceneViewController.swift; sourceTree = "<group>"; };
		B2A8E1DC2721CAAD002DBB7E /* EditPostSceneInteractor.swift */ = {isa = PBXFileReference; lastKnownFileType = sourcecode.swift; path = EditPostSceneInteractor.swift; sourceTree = "<group>"; };
		B2A8E1E42721CB69002DBB7E /* EditPostView.storyboard */ = {isa = PBXFileReference; lastKnownFileType = file.storyboard; path = EditPostView.storyboard; sourceTree = "<group>"; };
/* End PBXFileReference section */

/* Begin PBXFrameworksBuildPhase section */
		B27EE8D127216C4900D878A2 /* Frameworks */ = {
			isa = PBXFrameworksBuildPhase;
			buildActionMask = 2147483647;
			files = (
			);
			runOnlyForDeploymentPostprocessing = 0;
		};
/* End PBXFrameworksBuildPhase section */

/* Begin PBXGroup section */
		B27EE8CB27216C4800D878A2 = {
			isa = PBXGroup;
			children = (
				B27EE8D627216C4900D878A2 /* PostsApp */,
				B27EE8D527216C4900D878A2 /* Products */,
			);
			sourceTree = "<group>";
		};
		B27EE8D527216C4900D878A2 /* Products */ = {
			isa = PBXGroup;
			children = (
				B27EE8D427216C4900D878A2 /* PostsApp.app */,
			);
			name = Products;
			sourceTree = "<group>";
		};
		B27EE8D627216C4900D878A2 /* PostsApp */ = {
			isa = PBXGroup;
			children = (
				B27EE8ED27216C8200D878A2 /* Application Layer */,
				B27EE8EB27216C6000D878A2 /* Presentation layer */,
				B27EE8EE27216CB900D878A2 /* Buisiness Logic Layer */,
				B27EE8EC27216C7800D878A2 /* Supporting Files */,
			);
			path = PostsApp;
			sourceTree = "<group>";
		};
		B27EE8EB27216C6000D878A2 /* Presentation layer */ = {
			isa = PBXGroup;
			children = (
				B27EE8FC27216F4700D878A2 /* Posts Scene */,
				B27EE8FD27216F5500D878A2 /* Posts Details Scene */,
				B27EE91F2721A1EB00D878A2 /* Create Post Scene */,
				B2A8E1D72721CA8D002DBB7E /* Edit Post Scene */,
			);
			path = "Presentation layer";
			sourceTree = "<group>";
		};
		B27EE8EC27216C7800D878A2 /* Supporting Files */ = {
			isa = PBXGroup;
			children = (
				B2A8E1D42721C269002DBB7E /* Extension */,
				B27EE9192721968C00D878A2 /* Reusable Views */,
				B27EE8E027216C4C00D878A2 /* Assets.xcassets */,
				B27EE8E227216C4C00D878A2 /* LaunchScreen.storyboard */,
				B27EE8E527216C4C00D878A2 /* Info.plist */,
			);
			path = "Supporting Files";
			sourceTree = "<group>";
		};
		B27EE8ED27216C8200D878A2 /* Application Layer */ = {
			isa = PBXGroup;
			children = (
				B27EE8D727216C4900D878A2 /* AppDelegate.swift */,
				B27EE8D927216C4900D878A2 /* SceneDelegate.swift */,
			);
			path = "Application Layer";
			sourceTree = "<group>";
		};
		B27EE8EE27216CB900D878A2 /* Buisiness Logic Layer */ = {
			isa = PBXGroup;
			children = (
				B27EE9302721A4C200D878A2 /* APIBuilder.swift */,
				B27EE90A27216F8C00D878A2 /* WebService Engine */,
				B27EE912272178F900D878A2 /* Response Decoder */,
			);
			path = "Buisiness Logic Layer";
			sourceTree = "<group>";
		};
		B27EE8FC27216F4700D878A2 /* Posts Scene */ = {
			isa = PBXGroup;
			children = (
				B27EE8DD27216C4900D878A2 /* Main.storyboard */,
				B27EE8EF27216F3300D878A2 /* PostsScenePresenter.swift */,
				B27EE8F027216F3300D878A2 /* PostsSceneWorker.swift */,
				B27EE8F127216F3300D878A2 /* PostsSceneRouter.swift */,
				B27EE8F227216F3300D878A2 /* PostsSceneViewController.swift */,
				B27EE8F327216F3300D878A2 /* PostsSceneInteractor.swift */,
				B27EE8F427216F3300D878A2 /* PostsSceneModel.swift */,
			);
			path = "Posts Scene";
			sourceTree = "<group>";
		};
		B27EE8FD27216F5500D878A2 /* Posts Details Scene */ = {
			isa = PBXGroup;
			children = (
				B27EE91727217FDA00D878A2 /* PostDetailsView.storyboard */,
				B27EE90127216F6F00D878A2 /* PostsDetailsSceneViewController.swift */,
				B27EE8FE27216F6F00D878A2 /* PostsDetailsScenePresenter.swift */,
				B27EE8FF27216F6F00D878A2 /* PostsDetailsSceneWorker.swift */,
				B27EE90227216F6F00D878A2 /* PostDetailsSceneInteractor.swift */,
				B27EE90327216F6F00D878A2 /* PostDetailsSceneModel.swift */,
			);
			path = "Posts Details Scene";
			sourceTree = "<group>";
		};
		B27EE90A27216F8C00D878A2 /* WebService Engine */ = {
			isa = PBXGroup;
			children = (
				B27EE90B272178D000D878A2 /* WebServiceConfig.swift */,
				B27EE90D272178E200D878A2 /* WebServiceConstants.swift */,
				B27EE910272178F500D878A2 /* WebServiceHelper.swift */,
			);
			path = "WebService Engine";
			sourceTree = "<group>";
		};
		B27EE912272178F900D878A2 /* Response Decoder */ = {
			isa = PBXGroup;
			children = (
				B27EE9132721790E00D878A2 /* JSONResponseDecoder.swift */,
			);
			path = "Response Decoder";
			sourceTree = "<group>";
		};
		B27EE9192721968C00D878A2 /* Reusable Views */ = {
			isa = PBXGroup;
			children = (
				B2A8E1CF2721BFAD002DBB7E /* InputTextField TableViewCell */,
				B27EE91A2721969E00D878A2 /* TitleSubtitle TableViewCell */,
			);
			path = "Reusable Views";
			sourceTree = "<group>";
		};
		B27EE91A2721969E00D878A2 /* TitleSubtitle TableViewCell */ = {
			isa = PBXGroup;
			children = (
				B27EE91B272196CC00D878A2 /* TitleSubtitleTableViewCell.swift */,
				B27EE91C272196CC00D878A2 /* TitleSubtitleTableViewCell.xib */,
			);
			path = "TitleSubtitle TableViewCell";
			sourceTree = "<group>";
		};
		B27EE91F2721A1EB00D878A2 /* Create Post Scene */ = {
			isa = PBXGroup;
			children = (
				B27EE92E2721A27100D878A2 /* CreatePostView.storyboard */,
				B27EE9202721A23000D878A2 /* CreatePostScenePresenter.swift */,
				B27EE9212721A23000D878A2 /* CreatePostSceneWorker.swift */,
				B27EE9232721A23000D878A2 /* CreatePostSceneViewController.swift */,
				B27EE9242721A23000D878A2 /* CreatePostSceneInteractor.swift */,
			);
			path = "Create Post Scene";
			sourceTree = "<group>";
		};
		B2A8E1CF2721BFAD002DBB7E /* InputTextField TableViewCell */ = {
			isa = PBXGroup;
			children = (
				B2A8E1D02721BFD9002DBB7E /* InputTextFeildTableViewCell.swift */,
				B2A8E1D12721BFD9002DBB7E /* InputTextFeildTableViewCell.xib */,
			);
			path = "InputTextField TableViewCell";
			sourceTree = "<group>";
		};
		B2A8E1D42721C269002DBB7E /* Extension */ = {
			isa = PBXGroup;
			children = (
				B2A8E1D52721C288002DBB7E /* Encodable+Extension.swift */,
			);
			path = Extension;
			sourceTree = "<group>";
		};
		B2A8E1D72721CA8D002DBB7E /* Edit Post Scene */ = {
			isa = PBXGroup;
			children = (
				B2A8E1E42721CB69002DBB7E /* EditPostView.storyboard */,
				B2A8E1D82721CAAD002DBB7E /* EditPostScenePresenter.swift */,
				B2A8E1D92721CAAD002DBB7E /* EditPostSceneWorker.swift */,
				B2A8E1DB2721CAAD002DBB7E /* EditPostSceneViewController.swift */,
				B2A8E1DC2721CAAD002DBB7E /* EditPostSceneInteractor.swift */,
			);
			path = "Edit Post Scene";
			sourceTree = "<group>";
		};
/* End PBXGroup section */

/* Begin PBXNativeTarget section */
		B27EE8D327216C4900D878A2 /* PostsApp */ = {
			isa = PBXNativeTarget;
			buildConfigurationList = B27EE8E827216C4C00D878A2 /* Build configuration list for PBXNativeTarget "PostsApp" */;
			buildPhases = (
				B27EE8D027216C4900D878A2 /* Sources */,
				B27EE8D127216C4900D878A2 /* Frameworks */,
				B27EE8D227216C4900D878A2 /* Resources */,
			);
			buildRules = (
			);
			dependencies = (
			);
			name = PostsApp;
			productName = PostsApp;
			productReference = B27EE8D427216C4900D878A2 /* PostsApp.app */;
			productType = "com.apple.product-type.application";
		};
/* End PBXNativeTarget section */

/* Begin PBXProject section */
		B27EE8CC27216C4800D878A2 /* Project object */ = {
			isa = PBXProject;
			attributes = {
				BuildIndependentTargetsInParallel = 1;
				LastSwiftUpdateCheck = 1300;
				LastUpgradeCheck = 1300;
				TargetAttributes = {
					B27EE8D327216C4900D878A2 = {
						CreatedOnToolsVersion = 13.0;
					};
				};
			};
			buildConfigurationList = B27EE8CF27216C4800D878A2 /* Build configuration list for PBXProject "PostsApp" */;
			compatibilityVersion = "Xcode 13.0";
			developmentRegion = en;
			hasScannedForEncodings = 0;
			knownRegions = (
				en,
				Base,
			);
			mainGroup = B27EE8CB27216C4800D878A2;
			productRefGroup = B27EE8D527216C4900D878A2 /* Products */;
			projectDirPath = "";
			projectRoot = "";
			targets = (
				B27EE8D327216C4900D878A2 /* PostsApp */,
			);
		};
/* End PBXProject section */

/* Begin PBXResourcesBuildPhase section */
		B27EE8D227216C4900D878A2 /* Resources */ = {
			isa = PBXResourcesBuildPhase;
			buildActionMask = 2147483647;
			files = (
				B27EE8E427216C4C00D878A2 /* LaunchScreen.storyboard in Resources */,
				B27EE92F2721A27100D878A2 /* CreatePostView.storyboard in Resources */,
				B27EE91E272196CC00D878A2 /* TitleSubtitleTableViewCell.xib in Resources */,
				B27EE8E127216C4C00D878A2 /* Assets.xcassets in Resources */,
				B2A8E1D32721BFD9002DBB7E /* InputTextFeildTableViewCell.xib in Resources */,
				B2A8E1E52721CB69002DBB7E /* EditPostView.storyboard in Resources */,
				B27EE8DF27216C4900D878A2 /* Main.storyboard in Resources */,
				B27EE91827217FDA00D878A2 /* PostDetailsView.storyboard in Resources */,
			);
			runOnlyForDeploymentPostprocessing = 0;
		};
/* End PBXResourcesBuildPhase section */

/* Begin PBXSourcesBuildPhase section */
		B27EE8D027216C4900D878A2 /* Sources */ = {
			isa = PBXSourcesBuildPhase;
			buildActionMask = 2147483647;
			files = (
				B27EE91D272196CC00D878A2 /* TitleSubtitleTableViewCell.swift in Sources */,
				B27EE90827216F6F00D878A2 /* PostDetailsSceneInteractor.swift in Sources */,
				B27EE90427216F6F00D878A2 /* PostsDetailsScenePresenter.swift in Sources */,
				B27EE90727216F6F00D878A2 /* PostsDetailsSceneViewController.swift in Sources */,
				B27EE9312721A4C200D878A2 /* APIBuilder.swift in Sources */,
				B27EE9292721A23000D878A2 /* CreatePostSceneViewController.swift in Sources */,
				B2A8E1D22721BFD9002DBB7E /* InputTextFeildTableViewCell.swift in Sources */,
				B27EE90527216F6F00D878A2 /* PostsDetailsSceneWorker.swift in Sources */,
				B2A8E1DE2721CAAD002DBB7E /* EditPostScenePresenter.swift in Sources */,
				B27EE90927216F6F00D878A2 /* PostDetailsSceneModel.swift in Sources */,
				B27EE90C272178D000D878A2 /* WebServiceConfig.swift in Sources */,
				B27EE8F827216F3300D878A2 /* PostsSceneViewController.swift in Sources */,
				B2A8E1E22721CAAD002DBB7E /* EditPostSceneInteractor.swift in Sources */,
				B27EE8FA27216F3300D878A2 /* PostsSceneModel.swift in Sources */,
				B2A8E1E12721CAAD002DBB7E /* EditPostSceneViewController.swift in Sources */,
				B27EE9262721A23000D878A2 /* CreatePostScenePresenter.swift in Sources */,
				B27EE8D827216C4900D878A2 /* AppDelegate.swift in Sources */,
				B27EE9272721A23000D878A2 /* CreatePostSceneWorker.swift in Sources */,
				B27EE911272178F500D878A2 /* WebServiceHelper.swift in Sources */,
				B27EE8DA27216C4900D878A2 /* SceneDelegate.swift in Sources */,
				B27EE8F527216F3300D878A2 /* PostsScenePresenter.swift in Sources */,
				B27EE92A2721A23000D878A2 /* CreatePostSceneInteractor.swift in Sources */,
				B2A8E1D62721C288002DBB7E /* Encodable+Extension.swift in Sources */,
				B27EE8F627216F3300D878A2 /* PostsSceneWorker.swift in Sources */,
				B27EE9142721790E00D878A2 /* JSONResponseDecoder.swift in Sources */,
				B27EE90E272178E200D878A2 /* WebServiceConstants.swift in Sources */,
				B2A8E1DF2721CAAD002DBB7E /* EditPostSceneWorker.swift in Sources */,
				B27EE8F727216F3300D878A2 /* PostsSceneRouter.swift in Sources */,
				B27EE8F927216F3300D878A2 /* PostsSceneInteractor.swift in Sources */,
			);
			runOnlyForDeploymentPostprocessing = 0;
		};
/* End PBXSourcesBuildPhase section */

/* Begin PBXVariantGroup section */
		B27EE8DD27216C4900D878A2 /* Main.storyboard */ = {
			isa = PBXVariantGroup;
			children = (
				B27EE8DE27216C4900D878A2 /* Base */,
			);
			name = Main.storyboard;
			sourceTree = "<group>";
		};
		B27EE8E227216C4C00D878A2 /* LaunchScreen.storyboard */ = {
			isa = PBXVariantGroup;
			children = (
				B27EE8E327216C4C00D878A2 /* Base */,
			);
			name = LaunchScreen.storyboard;
			sourceTree = "<group>";
		};
/* End PBXVariantGroup section */

/* Begin XCBuildConfiguration section */
		B27EE8E627216C4C00D878A2 /* Debug */ = {
			isa = XCBuildConfiguration;
			buildSettings = {
				ALWAYS_SEARCH_USER_PATHS = NO;
				CLANG_ANALYZER_NONNULL = YES;
				CLANG_ANALYZER_NUMBER_OBJECT_CONVERSION = YES_AGGRESSIVE;
				CLANG_CXX_LANGUAGE_STANDARD = "gnu++17";
				CLANG_CXX_LIBRARY = "libc++";
				CLANG_ENABLE_MODULES = YES;
				CLANG_ENABLE_OBJC_ARC = YES;
				CLANG_ENABLE_OBJC_WEAK = YES;
				CLANG_WARN_BLOCK_CAPTURE_AUTORELEASING = YES;
				CLANG_WARN_BOOL_CONVERSION = YES;
				CLANG_WARN_COMMA = YES;
				CLANG_WARN_CONSTANT_CONVERSION = YES;
				CLANG_WARN_DEPRECATED_OBJC_IMPLEMENTATIONS = YES;
				CLANG_WARN_DIRECT_OBJC_ISA_USAGE = YES_ERROR;
				CLANG_WARN_DOCUMENTATION_COMMENTS = YES;
				CLANG_WARN_EMPTY_BODY = YES;
				CLANG_WARN_ENUM_CONVERSION = YES;
				CLANG_WARN_INFINITE_RECURSION = YES;
				CLANG_WARN_INT_CONVERSION = YES;
				CLANG_WARN_NON_LITERAL_NULL_CONVERSION = YES;
				CLANG_WARN_OBJC_IMPLICIT_RETAIN_SELF = YES;
				CLANG_WARN_OBJC_LITERAL_CONVERSION = YES;
				CLANG_WARN_OBJC_ROOT_CLASS = YES_ERROR;
				CLANG_WARN_QUOTED_INCLUDE_IN_FRAMEWORK_HEADER = YES;
				CLANG_WARN_RANGE_LOOP_ANALYSIS = YES;
				CLANG_WARN_STRICT_PROTOTYPES = YES;
				CLANG_WARN_SUSPICIOUS_MOVE = YES;
				CLANG_WARN_UNGUARDED_AVAILABILITY = YES_AGGRESSIVE;
				CLANG_WARN_UNREACHABLE_CODE = YES;
				CLANG_WARN__DUPLICATE_METHOD_MATCH = YES;
				COPY_PHASE_STRIP = NO;
				DEBUG_INFORMATION_FORMAT = dwarf;
				ENABLE_STRICT_OBJC_MSGSEND = YES;
				ENABLE_TESTABILITY = YES;
				GCC_C_LANGUAGE_STANDARD = gnu11;
				GCC_DYNAMIC_NO_PIC = NO;
				GCC_NO_COMMON_BLOCKS = YES;
				GCC_OPTIMIZATION_LEVEL = 0;
				GCC_PREPROCESSOR_DEFINITIONS = (
					"DEBUG=1",
					"$(inherited)",
				);
				GCC_WARN_64_TO_32_BIT_CONVERSION = YES;
				GCC_WARN_ABOUT_RETURN_TYPE = YES_ERROR;
				GCC_WARN_UNDECLARED_SELECTOR = YES;
				GCC_WARN_UNINITIALIZED_AUTOS = YES_AGGRESSIVE;
				GCC_WARN_UNUSED_FUNCTION = YES;
				GCC_WARN_UNUSED_VARIABLE = YES;
				IPHONEOS_DEPLOYMENT_TARGET = 15.0;
				MTL_ENABLE_DEBUG_INFO = INCLUDE_SOURCE;
				MTL_FAST_MATH = YES;
				ONLY_ACTIVE_ARCH = YES;
				SDKROOT = iphoneos;
				SWIFT_ACTIVE_COMPILATION_CONDITIONS = DEBUG;
				SWIFT_OPTIMIZATION_LEVEL = "-Onone";
			};
			name = Debug;
		};
		B27EE8E727216C4C00D878A2 /* Release */ = {
			isa = XCBuildConfiguration;
			buildSettings = {
				ALWAYS_SEARCH_USER_PATHS = NO;
				CLANG_ANALYZER_NONNULL = YES;
				CLANG_ANALYZER_NUMBER_OBJECT_CONVERSION = YES_AGGRESSIVE;
				CLANG_CXX_LANGUAGE_STANDARD = "gnu++17";
				CLANG_CXX_LIBRARY = "libc++";
				CLANG_ENABLE_MODULES = YES;
				CLANG_ENABLE_OBJC_ARC = YES;
				CLANG_ENABLE_OBJC_WEAK = YES;
				CLANG_WARN_BLOCK_CAPTURE_AUTORELEASING = YES;
				CLANG_WARN_BOOL_CONVERSION = YES;
				CLANG_WARN_COMMA = YES;
				CLANG_WARN_CONSTANT_CONVERSION = YES;
				CLANG_WARN_DEPRECATED_OBJC_IMPLEMENTATIONS = YES;
				CLANG_WARN_DIRECT_OBJC_ISA_USAGE = YES_ERROR;
				CLANG_WARN_DOCUMENTATION_COMMENTS = YES;
				CLANG_WARN_EMPTY_BODY = YES;
				CLANG_WARN_ENUM_CONVERSION = YES;
				CLANG_WARN_INFINITE_RECURSION = YES;
				CLANG_WARN_INT_CONVERSION = YES;
				CLANG_WARN_NON_LITERAL_NULL_CONVERSION = YES;
				CLANG_WARN_OBJC_IMPLICIT_RETAIN_SELF = YES;
				CLANG_WARN_OBJC_LITERAL_CONVERSION = YES;
				CLANG_WARN_OBJC_ROOT_CLASS = YES_ERROR;
				CLANG_WARN_QUOTED_INCLUDE_IN_FRAMEWORK_HEADER = YES;
				CLANG_WARN_RANGE_LOOP_ANALYSIS = YES;
				CLANG_WARN_STRICT_PROTOTYPES = YES;
				CLANG_WARN_SUSPICIOUS_MOVE = YES;
				CLANG_WARN_UNGUARDED_AVAILABILITY = YES_AGGRESSIVE;
				CLANG_WARN_UNREACHABLE_CODE = YES;
				CLANG_WARN__DUPLICATE_METHOD_MATCH = YES;
				COPY_PHASE_STRIP = NO;
				DEBUG_INFORMATION_FORMAT = "dwarf-with-dsym";
				ENABLE_NS_ASSERTIONS = NO;
				ENABLE_STRICT_OBJC_MSGSEND = YES;
				GCC_C_LANGUAGE_STANDARD = gnu11;
				GCC_NO_COMMON_BLOCKS = YES;
				GCC_WARN_64_TO_32_BIT_CONVERSION = YES;
				GCC_WARN_ABOUT_RETURN_TYPE = YES_ERROR;
				GCC_WARN_UNDECLARED_SELECTOR = YES;
				GCC_WARN_UNINITIALIZED_AUTOS = YES_AGGRESSIVE;
				GCC_WARN_UNUSED_FUNCTION = YES;
				GCC_WARN_UNUSED_VARIABLE = YES;
				IPHONEOS_DEPLOYMENT_TARGET = 15.0;
				MTL_ENABLE_DEBUG_INFO = NO;
				MTL_FAST_MATH = YES;
				SDKROOT = iphoneos;
				SWIFT_COMPILATION_MODE = wholemodule;
				SWIFT_OPTIMIZATION_LEVEL = "-O";
				VALIDATE_PRODUCT = YES;
			};
			name = Release;
		};
		B27EE8E927216C4C00D878A2 /* Debug */ = {
			isa = XCBuildConfiguration;
			buildSettings = {
				ASSETCATALOG_COMPILER_APPICON_NAME = AppIcon;
				ASSETCATALOG_COMPILER_GLOBAL_ACCENT_COLOR_NAME = AccentColor;
				CODE_SIGN_STYLE = Automatic;
				CURRENT_PROJECT_VERSION = 1;
				GENERATE_INFOPLIST_FILE = YES;
				INFOPLIST_FILE = "PostsApp/Supporting Files/Info.plist";
				INFOPLIST_KEY_UIApplicationSupportsIndirectInputEvents = YES;
				INFOPLIST_KEY_UILaunchStoryboardName = LaunchScreen;
				INFOPLIST_KEY_UIMainStoryboardFile = Main;
				INFOPLIST_KEY_UISupportedInterfaceOrientations_iPad = "UIInterfaceOrientationPortrait UIInterfaceOrientationPortraitUpsideDown UIInterfaceOrientationLandscapeLeft UIInterfaceOrientationLandscapeRight";
				INFOPLIST_KEY_UISupportedInterfaceOrientations_iPhone = "UIInterfaceOrientationPortrait UIInterfaceOrientationLandscapeLeft UIInterfaceOrientationLandscapeRight";
				IPHONEOS_DEPLOYMENT_TARGET = 13.0;
				LD_RUNPATH_SEARCH_PATHS = (
					"$(inherited)",
					"@executable_path/Frameworks",
				);
				MARKETING_VERSION = 1.0;
				PRODUCT_BUNDLE_IDENTIFIER = com.postsApp.PostsApp;
				PRODUCT_NAME = "$(TARGET_NAME)";
				SWIFT_EMIT_LOC_STRINGS = YES;
				SWIFT_VERSION = 5.0;
				TARGETED_DEVICE_FAMILY = "1,2";
			};
			name = Debug;
		};
		B27EE8EA27216C4C00D878A2 /* Release */ = {
			isa = XCBuildConfiguration;
			buildSettings = {
				ASSETCATALOG_COMPILER_APPICON_NAME = AppIcon;
				ASSETCATALOG_COMPILER_GLOBAL_ACCENT_COLOR_NAME = AccentColor;
				CODE_SIGN_STYLE = Automatic;
				CURRENT_PROJECT_VERSION = 1;
				GENERATE_INFOPLIST_FILE = YES;
				INFOPLIST_FILE = "PostsApp/Supporting Files/Info.plist";
				INFOPLIST_KEY_UIApplicationSupportsIndirectInputEvents = YES;
				INFOPLIST_KEY_UILaunchStoryboardName = LaunchScreen;
				INFOPLIST_KEY_UIMainStoryboardFile = Main;
				INFOPLIST_KEY_UISupportedInterfaceOrientations_iPad = "UIInterfaceOrientationPortrait UIInterfaceOrientationPortraitUpsideDown UIInterfaceOrientationLandscapeLeft UIInterfaceOrientationLandscapeRight";
				INFOPLIST_KEY_UISupportedInterfaceOrientations_iPhone = "UIInterfaceOrientationPortrait UIInterfaceOrientationLandscapeLeft UIInterfaceOrientationLandscapeRight";
				IPHONEOS_DEPLOYMENT_TARGET = 13.0;
				LD_RUNPATH_SEARCH_PATHS = (
					"$(inherited)",
					"@executable_path/Frameworks",
				);
				MARKETING_VERSION = 1.0;
				PRODUCT_BUNDLE_IDENTIFIER = com.postsApp.PostsApp;
				PRODUCT_NAME = "$(TARGET_NAME)";
				SWIFT_EMIT_LOC_STRINGS = YES;
				SWIFT_VERSION = 5.0;
				TARGETED_DEVICE_FAMILY = "1,2";
			};
			name = Release;
		};
/* End XCBuildConfiguration section */

/* Begin XCConfigurationList section */
		B27EE8CF27216C4800D878A2 /* Build configuration list for PBXProject "PostsApp" */ = {
			isa = XCConfigurationList;
			buildConfigurations = (
				B27EE8E627216C4C00D878A2 /* Debug */,
				B27EE8E727216C4C00D878A2 /* Release */,
			);
			defaultConfigurationIsVisible = 0;
			defaultConfigurationName = Release;
		};
		B27EE8E827216C4C00D878A2 /* Build configuration list for PBXNativeTarget "PostsApp" */ = {
			isa = XCConfigurationList;
			buildConfigurations = (
				B27EE8E927216C4C00D878A2 /* Debug */,
				B27EE8EA27216C4C00D878A2 /* Release */,
			);
			defaultConfigurationIsVisible = 0;
			defaultConfigurationName = Release;
		};
/* End XCConfigurationList section */
	};
	rootObject = B27EE8CC27216C4800D878A2 /* Project object */;
}
